# THIS IS AN AUTOGENERATED FILE. DO NOT EDIT THIS FILE DIRECTLY.
# yarn lockfile v1


bson@~1.0.4:
  version "1.0.9"
  resolved "https://registry.yarnpkg.com/bson/-/bson-1.0.9.tgz#12319f8323b1254739b7c6bef8d3e89ae05a2f57"
  integrity sha512-IQX9/h7WdMBIW/q/++tGd+emQr0XMdeZ6icnT/74Xk9fnabWn+gZgpE+9V+gujL3hhJOoNrnDVY7tWdzc7NUTg==

micro-cacheable@^2.0.1:
  version "2.0.1"
  resolved "https://registry.yarnpkg.com/micro-cacheable/-/micro-cacheable-2.0.1.tgz#733a9fda0499c13e5319e047a917ee983b3e7e9f"
  integrity sha512-pDurDJPBSwQN4QOOUyD/w3ln0i+TY48c2fougTErfy/1TUazgtx6Os7y0lDXDljg4/VCXADn64780WjG9FeZ/A==
  dependencies:
    mongodb "3.0.4"

mongodb-core@3.0.4:
  version "3.0.4"
  resolved "https://registry.yarnpkg.com/mongodb-core/-/mongodb-core-3.0.4.tgz#a3fdf466e697a2f1df87e458e5e2df1c26cc654b"
  integrity sha512-OTH267FjfwBdEufSnrgd+u8HuLWRuQ6p8DR0XirPl2BdlLEMh4XwjJf1RTlruILp5p2m1w8dDC8rCxibC3W8qQ==
  dependencies:
    bson "~1.0.4"
    require_optional "^1.0.1"

mongodb@3.0.4:
  version "3.0.4"
  resolved "https://registry.yarnpkg.com/mongodb/-/mongodb-3.0.4.tgz#ee0c0f7bc565edc5f40ee2d23170e522a8ad2286"
  integrity sha512-90YIIs7A4ko4kCGafxxXj3foexCAlJBC0YLwwIKgSLoE7Vni2IqUMz6HSsZ3zbXOfR1KWtxfnc0RyAMAY/ViLg==
  dependencies:
    mongodb-core "3.0.4"

node-fetch@^2.6.0:
  version "2.6.0"
  resolved "https://registry.yarnpkg.com/node-fetch/-/node-fetch-2.6.0.tgz#e633456386d4aa55863f676a7ab0daa8fdecb0fd"
  integrity sha512-8dG4H5ujfvFiqDmVu9fQ5bOHUC15JMjMY/Zumv26oOvvVJjM67KF8koCWIabKQ1GJIa9r2mMZscBq/TbdOcmNA==

prettier@^1.17.1:
  version "1.17.1"
  resolved "https://registry.yarnpkg.com/prettier/-/prettier-1.17.1.tgz#ed64b4e93e370cb8a25b9ef7fef3e4fd1c0995db"
  integrity sha512-TzGRNvuUSmPgwivDqkZ9tM/qTGW9hqDKWOE9YHiyQdixlKbv7kvEqsmDPrcHJTKwthU774TQwZXVtaQ/mMsvjg==

require_optional@^1.0.1:
  version "1.0.1"
  resolved "https://registry.yarnpkg.com/require_optional/-/require_optional-1.0.1.tgz#4cf35a4247f64ca3df8c2ef208cc494b1ca8fc2e"
  integrity sha512-qhM/y57enGWHAe3v/NcwML6a3/vfESLe/sGM2dII+gEO0BpKRUkWZow/tyloNqJyN6kXSl3RyyM8Ll5D/sJP8g==
  dependencies:
    resolve-from "^2.0.0"
    semver "^5.1.0"

resolve-from@^2.0.0:
  version "2.0.0"
  resolved "https://registry.yarnpkg.com/resolve-from/-/resolve-from-2.0.0.tgz#9480ab20e94ffa1d9e80a804c7ea147611966b57"
  integrity sha1-lICrIOlP+h2egKgEx+oUdhGWa1c=

semver@^5.1.0:
  version "5.7.0"
  resolved "https://registry.yarnpkg.com/semver/-/semver-5.7.0.tgz#790a7cf6fea5459bac96110b29b60412dc8ff96b"
  integrity sha512-Ya52jSX2u7QKghxeoFGpLwCtGlt7j0oY9DYb5apt9nPlJ42ID+ulTXESnt/qAQcoSERyZ5sl3LDIOw0nAn/5DA==
